{
  "name": "life-x-deen",
  "version": "1.0.0",
  "lockfileVersion": 2,
  "requires": true,
  "packages": {
    "": {
      "name": "life-x-deen",
      "version": "1.0.0",
      "license": "ISC",
      "dependencies": {
        "hijrah-date": "^1.0.3"
      }
    },
    "node_modules/hijrah-date": {
      "version": "1.0.3",
      "resolved": "https://registry.npmjs.org/hijrah-date/-/hijrah-date-1.0.3.tgz",
      "integrity": "sha512-3xAfYTp4FHWue1ovSWSP77vMfM1tIZrk3TrCph4qV8GsABlaLBJWS/dfMjG4/tA+3/1xDFL9i5KUFa2ed4kZ0w=="
    }
  },
  "dependencies": {
    "hijrah-date": {
      "version": "1.0.3",
      "resolved": "https://registry.npmjs.org/hijrah-date/-/hijrah-date-1.0.3.tgz",
      "integrity": "sha512-3xAfYTp4FHWue1ovSWSP77vMfM1tIZrk3TrCph4qV8GsABlaLBJWS/dfMjG4/tA+3/1xDFL9i5KUFa2ed4kZ0w=="
    }
  }
}
